
Microsoft Visual Studio Solution File, Format Version 12.00
# Visual Studio Version 16
VisualStudioVersion = 16.0.32228.547
MinimumVisualStudioVersion = 10.0.40219.1
Project("{FAE04EC0-301F-11D3-BF4B-00C04F79EFBC}") = "eTickets", "eTickets\eTickets.csproj", "{57810A50-60D8-4AF2-885E-2971F51C5CD4}"
EndProject
Global
	GlobalSection(SolutionConfigurationPlatforms) = preSolution
		Debug|Any CPU = Debug|Any CPU
		Release|Any CPU = Release|Any CPU
	EndGlobalSection
	GlobalSection(ProjectConfigurationPlatforms) = postSolution
		{57810A50-60D8-4AF2-885E-2971F51C5CD4}.Debug|Any CPU.ActiveCfg = Debug|Any CPU
		{57810A50-60D8-4AF2-885E-2971F51C5CD4}.Debug|Any CPU.Build.0 = Debug|Any CPU
		{57810A50-60D8-4AF2-885E-2971F51C5CD4}.Release|Any CPU.ActiveCfg = Release|Any CPU
		{57810A50-60D8-4AF2-885E-2971F51C5CD4}.Release|Any CPU.Build.0 = Release|Any CPU
	EndGlobalSection
	GlobalSection(SolutionProperties) = preSolution
		HideSolutionNode = FALSE
	EndGlobalSection
	GlobalSection(ExtensibilityGlobals) = postSolution
		SolutionGuid = {CE9CF198-2E20-440B-9A53-430A5337BD8C}
	EndGlobalSection
EndGlobal
